name: Update flake dependencies
on:
  workflow_dispatch: # Allows manual triggering
    inputs:
      force:
        description: "Force update to all inputs"
        required: false
        type: "boolean"
        
  schedule:
    - cron: "43 6 * * *" # At 06:43 UTC.

jobs:
  create-pr:
    name: Create Pull Request
    runs-on: ubuntu-latest
    permissions:
      contents: write
      pull-requests: write
    steps:
      - name: Checkout repository
        uses: actions/checkout@v4
        with:
          fetch-depth: 0
          fetch-tags: true

      - name: Install Nix
        uses: DeterminateSystems/nix-installer-action@main

      - name: Fail if nixpkgs is up-to-date
        id: nixpkgs-update
        if: ${{ ! inputs.force }}
        continue-on-error: true
        run: |
          nix flake update nixpkgs
          git diff --quiet && exit 1 || exit 0
      
      - name: Restore initial repository state
        run: git reset --hard HEAD

      - name: Update flake.lock
        id: update
        uses: DeterminateSystems/update-flake-lock@main
        with:
          commit-msg: "build: update flake.lock"   # Commit message to be used
          pr-title: "build: update flake.lock" # Title of PR to be created
          pr-assignees: limwa # Assign me to the PR
      
      - name: Create placeholder summary comment
        uses: thollander/actions-comment-pull-request@v3
        with:
          pr-number: ${{ steps.update.outputs.pull-request-number }}
          comment-tag: update_summary
          message: |
            # Package Changes

            I'm still computing the package changes for this update. Please hang on! :grin:

      - name: Merge update branch with main
        run: git merge --ff-only origin/update_flake_lock_action

      - name: Create update summary
        run: nix run .#create-update-summary

      - name: Upload update summary as comment
        uses: thollander/actions-comment-pull-request@v3
        with:
          pr-number: ${{ steps.update.outputs.pull-request-number }}
          comment-tag: update_summary
          file-path: summary.md

      - name: On error, notify user in summary comment
        uses: thollander/actions-comment-pull-request@v3
        with:
          pr-number: ${{ steps.update.outputs.pull-request-number }}
          comment-tag: update_summary
          message: |
            # Package Changes

            Unfortunately, I wasn't able to compute the package changes for this update. Please check the action log for more information. :pensive:

      - name: On error, make job exit with success
        if: ${{ failure() }}
        run: exit 0
